
Microsoft Visual Studio Solution File, Format Version 12.00
# Visual Studio Version 17
VisualStudioVersion = 17.4.33103.184
MinimumVisualStudioVersion = 10.0.40219.1
Project("{FAE04EC0-301F-11D3-BF4B-00C04F79EFBC}") = "Modem_Status_Old_Hydro", "Modem_Status_Old_Hydro\Modem_Status_Old_Hydro.csproj", "{F589EFCF-ECCD-4688-85F7-3066F8DB739E}"
EndProject
Global
	GlobalSection(SolutionConfigurationPlatforms) = preSolution
		Debug|Any CPU = Debug|Any CPU
		Release|Any CPU = Release|Any CPU
	EndGlobalSection
	GlobalSection(ProjectConfigurationPlatforms) = postSolution
		{F589EFCF-ECCD-4688-85F7-3066F8DB739E}.Debug|Any CPU.ActiveCfg = Debug|Any CPU
		{F589EFCF-ECCD-4688-85F7-3066F8DB739E}.Debug|Any CPU.Build.0 = Debug|Any CPU
		{F589EFCF-ECCD-4688-85F7-3066F8DB739E}.Release|Any CPU.ActiveCfg = Release|Any CPU
		{F589EFCF-ECCD-4688-85F7-3066F8DB739E}.Release|Any CPU.Build.0 = Release|Any CPU
	EndGlobalSection
	GlobalSection(SolutionProperties) = preSolution
		HideSolutionNode = FALSE
	EndGlobalSection
	GlobalSection(ExtensibilityGlobals) = postSolution
		SolutionGuid = {F0766F8B-AE39-400C-941C-5D456D233982}
	EndGlobalSection
EndGlobal
